
Microsoft Visual Studio Solution File, Format Version 12.00
# Visual Studio Version 17
VisualStudioVersion = 17.4.33205.214
MinimumVisualStudioVersion = 10.0.40219.1
Project("{9A19103F-16F7-4668-BE54-9A1E7A4F7556}") = "BSSE_Final_Project", "BSSE_Final_Project\BSSE_Final_Project.csproj", "{71CBA13A-49A5-451A-A5F5-24D330CA109D}"
EndProject
Global
	GlobalSection(SolutionConfigurationPlatforms) = preSolution
		Debug|Any CPU = Debug|Any CPU
		Release|Any CPU = Release|Any CPU
	EndGlobalSection
	GlobalSection(ProjectConfigurationPlatforms) = postSolution
		{71CBA13A-49A5-451A-A5F5-24D330CA109D}.Debug|Any CPU.ActiveCfg = Debug|Any CPU
		{71CBA13A-49A5-451A-A5F5-24D330CA109D}.Debug|Any CPU.Build.0 = Debug|Any CPU
		{71CBA13A-49A5-451A-A5F5-24D330CA109D}.Release|Any CPU.ActiveCfg = Release|Any CPU
		{71CBA13A-49A5-451A-A5F5-24D330CA109D}.Release|Any CPU.Build.0 = Release|Any CPU
	EndGlobalSection
	GlobalSection(SolutionProperties) = preSolution
		HideSolutionNode = FALSE
	EndGlobalSection
	GlobalSection(ExtensibilityGlobals) = postSolution
		SolutionGuid = {4652E31E-4683-42AE-9F21-468AAF1FE574}
	EndGlobalSection
EndGlobal
